
Microsoft Visual Studio Solution File, Format Version 12.00
# Visual Studio Version 16
VisualStudioVersion = 16.0.31729.503
MinimumVisualStudioVersion = 10.0.40219.1
Project("{FAE04EC0-301F-11D3-BF4B-00C04F79EFBC}") = "Chronometer", "Chronometer\Chronometer.csproj", "{9A3CA350-0AB2-4EB9-9739-DC3702EA6186}"
EndProject
Global
	GlobalSection(SolutionConfigurationPlatforms) = preSolution
		Debug|Any CPU = Debug|Any CPU
		Release|Any CPU = Release|Any CPU
	EndGlobalSection
	GlobalSection(ProjectConfigurationPlatforms) = postSolution
		{9A3CA350-0AB2-4EB9-9739-DC3702EA6186}.Debug|Any CPU.ActiveCfg = Debug|Any CPU
		{9A3CA350-0AB2-4EB9-9739-DC3702EA6186}.Debug|Any CPU.Build.0 = Debug|Any CPU
		{9A3CA350-0AB2-4EB9-9739-DC3702EA6186}.Release|Any CPU.ActiveCfg = Release|Any CPU
		{9A3CA350-0AB2-4EB9-9739-DC3702EA6186}.Release|Any CPU.Build.0 = Release|Any CPU
	EndGlobalSection
	GlobalSection(SolutionProperties) = preSolution
		HideSolutionNode = FALSE
	EndGlobalSection
	GlobalSection(ExtensibilityGlobals) = postSolution
		SolutionGuid = {24B2A79F-CDB6-4BFE-82ED-849D8F85B6D1}
	EndGlobalSection
EndGlobal
